PODS:
  - AnyCodable-FlightSchool (0.6.5)
  - CodeScanner_Rownd (2.2.1)
  - Flutter (1.0.0)
  - Get (2.0.1)
  - JWTDecode (3.0.0)
  - LBBottomSheet (1.0.24)
  - ReSwift (6.1.0)
  - ReSwiftThunk (2.0.1):
    - ReSwift (~> 6.0)
    - ReSwiftThunk/Core (= 2.0.1)
  - ReSwiftThunk/Core (2.0.1):
    - ReSwift (~> 6.0)
  - Rownd (1.8.3):
    - AnyCodable-FlightSchool (~> 0.6.5)
    - CodeScanner_Rownd (~> 2.2.1)
    - Get (~> 2.0.1)
    - JWTDecode (~> 3.0.0)
    - LBBottomSheet (~> 1.0.24)
    - ReSwift (~> 6.1.0)
    - ReSwiftThunk (~> 2.0.1)
    - Sodium (~> 0.9.1)
    - SwiftKeychainWrapper (~> 4.0.1)
  - rownd_flutter_plugin (1.0.0):
    - Flutter
    - Rownd (~> 1.8.3)
  - Sodium (0.9.1)
  - SwiftKeychainWrapper (4.0.1)

DEPENDENCIES:
  - Flutter (from `Flutter`)
  - rownd_flutter_plugin (from `.symlinks/plugins/rownd_flutter_plugin/ios`)

SPEC REPOS:
  trunk:
    - AnyCodable-FlightSchool
    - CodeScanner_Rownd
    - Get
    - JWTDecode
    - LBBottomSheet
    - ReSwift
    - ReSwiftThunk
    - Rownd
    - Sodium
    - SwiftKeychainWrapper

EXTERNAL SOURCES:
  Flutter:
    :path: Flutter
  rownd_flutter_plugin:
    :path: ".symlinks/plugins/rownd_flutter_plugin/ios"

SPEC CHECKSUMS:
  AnyCodable-FlightSchool: 84b795a9d3ec7ba9e5488673d15cc1b37a566af4
  CodeScanner_Rownd: 43ea1ea198c17653c32c31e797e274c0d7a695ae
  Flutter: f04841e97a9d0b0a8025694d0796dd46242b2854
  Get: d2c1fa40936760c47dcd3956e9eb26dc39fd76ba
  JWTDecode: 82480a7173f8a811954e7e14a2b59f688ca4222a
  LBBottomSheet: 1d1a27847388b1a0fc266b439bcc9b386f792886
  ReSwift: eab3c01e4279ba81b54a61e4fd6499634d20123a
  ReSwiftThunk: 7ca5145764be6f30b62db88a52d170133954629e
  Rownd: 1376ad20509a91fd852e7dedc38937437ca7137e
  rownd_flutter_plugin: 807dcccda5a2d34cb55e8a24b0b1087926886131
  Sodium: 23d11554ecd556196d313cf6130d406dfe7ac6da
  SwiftKeychainWrapper: 807ba1d63c33a7d0613288512399cd1eda1e470c

PODFILE CHECKSUM: 775997f741c536251164e3eacf6e34abf2eb7a17

COCOAPODS: 1.11.3
